
Microsoft Visual Studio Solution File, Format Version 12.00
# Visual Studio Version 16
VisualStudioVersion = 16.0.30717.126
MinimumVisualStudioVersion = 10.0.40219.1
Project("{FAE04EC0-301F-11D3-BF4B-00C04F79EFBC}") = "IERG3080_Project", "IERG3080_Project\IERG3080_Project.csproj", "{AB738B24-C6BD-4F0B-9FBF-8C8CCF693B17}"
EndProject
Global
	GlobalSection(SolutionConfigurationPlatforms) = preSolution
		Debug|Any CPU = Debug|Any CPU
		Release|Any CPU = Release|Any CPU
	EndGlobalSection
	GlobalSection(ProjectConfigurationPlatforms) = postSolution
		{AB738B24-C6BD-4F0B-9FBF-8C8CCF693B17}.Debug|Any CPU.ActiveCfg = Debug|Any CPU
		{AB738B24-C6BD-4F0B-9FBF-8C8CCF693B17}.Debug|Any CPU.Build.0 = Debug|Any CPU
		{AB738B24-C6BD-4F0B-9FBF-8C8CCF693B17}.Release|Any CPU.ActiveCfg = Release|Any CPU
		{AB738B24-C6BD-4F0B-9FBF-8C8CCF693B17}.Release|Any CPU.Build.0 = Release|Any CPU
	EndGlobalSection
	GlobalSection(SolutionProperties) = preSolution
		HideSolutionNode = FALSE
	EndGlobalSection
	GlobalSection(ExtensibilityGlobals) = postSolution
		SolutionGuid = {96BEA928-84A3-405A-ADA4-98DC87C387F6}
	EndGlobalSection
EndGlobal
